{
  "name": "portfolio",
  "lockfileVersion": 2,
  "requires": true,
  "packages": {
    "": {
      "dependencies": {
        "@rive-app/canvas": "^2.10.3"
      }
    },
    "node_modules/@rive-app/canvas": {
      "version": "2.10.3",
      "resolved": "https://registry.npmjs.org/@rive-app/canvas/-/canvas-2.10.3.tgz",
      "integrity": "sha512-m81uwl3HuZ9p4v7/PJnA6JIO1eS3Ht0d01wYAYGNpfYlaT6bcTfwczKWUIywKgPpS8ZcH5SAkMe5P1f0R5tUGg=="
    }
  },
  "dependencies": {
    "@rive-app/canvas": {
      "version": "2.10.3",
      "resolved": "https://registry.npmjs.org/@rive-app/canvas/-/canvas-2.10.3.tgz",
      "integrity": "sha512-m81uwl3HuZ9p4v7/PJnA6JIO1eS3Ht0d01wYAYGNpfYlaT6bcTfwczKWUIywKgPpS8ZcH5SAkMe5P1f0R5tUGg=="
    }
  }
}
